
Microsoft Visual Studio Solution File, Format Version 12.00
# Visual Studio 15
VisualStudioVersion = 15.0.27130.2010
MinimumVisualStudioVersion = 10.0.40219.1
Project("{9A19103F-16F7-4668-BE54-9A1E7A4F7556}") = "Domain", "Domain\Domain.csproj", "{83A8CEBD-C63D-45B8-9B13-C7A98E5A7E48}"
EndProject
Project("{9A19103F-16F7-4668-BE54-9A1E7A4F7556}") = "Service", "Service\Service.csproj", "{921094F7-795B-42B7-A64B-56FCEA1C37E9}"
EndProject
Project("{9A19103F-16F7-4668-BE54-9A1E7A4F7556}") = "Portal", "Portal\Portal.csproj", "{AF2DB903-D91E-4DEB-8ED3-8DCA913A1247}"
EndProject
Project("{FAE04EC0-301F-11D3-BF4B-00C04F79EFBC}") = "Infrastructure", "Infrastructure\Infrastructure.csproj", "{D0716134-F09B-4530-B399-42B7C5D0BD14}"
EndProject
Global
	GlobalSection(SolutionConfigurationPlatforms) = preSolution
		Debug|Any CPU = Debug|Any CPU
		Release|Any CPU = Release|Any CPU
	EndGlobalSection
	GlobalSection(ProjectConfigurationPlatforms) = postSolution
		{83A8CEBD-C63D-45B8-9B13-C7A98E5A7E48}.Debug|Any CPU.ActiveCfg = Debug|Any CPU
		{83A8CEBD-C63D-45B8-9B13-C7A98E5A7E48}.Debug|Any CPU.Build.0 = Debug|Any CPU
		{83A8CEBD-C63D-45B8-9B13-C7A98E5A7E48}.Release|Any CPU.ActiveCfg = Release|Any CPU
		{83A8CEBD-C63D-45B8-9B13-C7A98E5A7E48}.Release|Any CPU.Build.0 = Release|Any CPU
		{921094F7-795B-42B7-A64B-56FCEA1C37E9}.Debug|Any CPU.ActiveCfg = Debug|Any CPU
		{921094F7-795B-42B7-A64B-56FCEA1C37E9}.Debug|Any CPU.Build.0 = Debug|Any CPU
		{921094F7-795B-42B7-A64B-56FCEA1C37E9}.Release|Any CPU.ActiveCfg = Release|Any CPU
		{921094F7-795B-42B7-A64B-56FCEA1C37E9}.Release|Any CPU.Build.0 = Release|Any CPU
		{AF2DB903-D91E-4DEB-8ED3-8DCA913A1247}.Debug|Any CPU.ActiveCfg = Debug|Any CPU
		{AF2DB903-D91E-4DEB-8ED3-8DCA913A1247}.Debug|Any CPU.Build.0 = Debug|Any CPU
		{AF2DB903-D91E-4DEB-8ED3-8DCA913A1247}.Release|Any CPU.ActiveCfg = Release|Any CPU
		{AF2DB903-D91E-4DEB-8ED3-8DCA913A1247}.Release|Any CPU.Build.0 = Release|Any CPU
		{D0716134-F09B-4530-B399-42B7C5D0BD14}.Debug|Any CPU.ActiveCfg = Debug|Any CPU
		{D0716134-F09B-4530-B399-42B7C5D0BD14}.Debug|Any CPU.Build.0 = Debug|Any CPU
		{D0716134-F09B-4530-B399-42B7C5D0BD14}.Release|Any CPU.ActiveCfg = Release|Any CPU
		{D0716134-F09B-4530-B399-42B7C5D0BD14}.Release|Any CPU.Build.0 = Release|Any CPU
	EndGlobalSection
	GlobalSection(SolutionProperties) = preSolution
		HideSolutionNode = FALSE
	EndGlobalSection
	GlobalSection(ExtensibilityGlobals) = postSolution
		SolutionGuid = {353002AD-3216-412E-B740-1314815E3D13}
	EndGlobalSection
EndGlobal
